
Microsoft Visual Studio Solution File, Format Version 12.00
# Visual Studio Version 17
VisualStudioVersion = 17.4.33103.184
MinimumVisualStudioVersion = 10.0.40219.1
Project("{FAE04EC0-301F-11D3-BF4B-00C04F79EFBC}") = "RestaurantService", "RestaurantService\RestaurantService.csproj", "{A7BE65B2-F2DD-4C4E-9F36-E13DF584DCDA}"
EndProject
Global
	GlobalSection(SolutionConfigurationPlatforms) = preSolution
		Debug|Any CPU = Debug|Any CPU
		Release|Any CPU = Release|Any CPU
	EndGlobalSection
	GlobalSection(ProjectConfigurationPlatforms) = postSolution
		{A7BE65B2-F2DD-4C4E-9F36-E13DF584DCDA}.Debug|Any CPU.ActiveCfg = Debug|Any CPU
		{A7BE65B2-F2DD-4C4E-9F36-E13DF584DCDA}.Debug|Any CPU.Build.0 = Debug|Any CPU
		{A7BE65B2-F2DD-4C4E-9F36-E13DF584DCDA}.Release|Any CPU.ActiveCfg = Release|Any CPU
		{A7BE65B2-F2DD-4C4E-9F36-E13DF584DCDA}.Release|Any CPU.Build.0 = Release|Any CPU
	EndGlobalSection
	GlobalSection(SolutionProperties) = preSolution
		HideSolutionNode = FALSE
	EndGlobalSection
	GlobalSection(ExtensibilityGlobals) = postSolution
		SolutionGuid = {E2F6A547-CD4A-41DB-9BC1-BB9F065FF6B6}
	EndGlobalSection
EndGlobal
