
Microsoft Visual Studio Solution File, Format Version 12.00
# Visual Studio Version 17
VisualStudioVersion = 17.4.33110.190
MinimumVisualStudioVersion = 10.0.40219.1
Project("{FAE04EC0-301F-11D3-BF4B-00C04F79EFBC}") = "CloudService", "CloudService\CloudService.csproj", "{612D6700-B720-44E6-9C4E-75261AEC6E4A}"
EndProject
Global
	GlobalSection(SolutionConfigurationPlatforms) = preSolution
		Debug|Any CPU = Debug|Any CPU
		Release|Any CPU = Release|Any CPU
	EndGlobalSection
	GlobalSection(ProjectConfigurationPlatforms) = postSolution
		{612D6700-B720-44E6-9C4E-75261AEC6E4A}.Debug|Any CPU.ActiveCfg = Debug|Any CPU
		{612D6700-B720-44E6-9C4E-75261AEC6E4A}.Debug|Any CPU.Build.0 = Debug|Any CPU
		{612D6700-B720-44E6-9C4E-75261AEC6E4A}.Release|Any CPU.ActiveCfg = Release|Any CPU
		{612D6700-B720-44E6-9C4E-75261AEC6E4A}.Release|Any CPU.Build.0 = Release|Any CPU
	EndGlobalSection
	GlobalSection(SolutionProperties) = preSolution
		HideSolutionNode = FALSE
	EndGlobalSection
	GlobalSection(ExtensibilityGlobals) = postSolution
		SolutionGuid = {6175835F-9901-4E01-B5C1-2E71446F9030}
	EndGlobalSection
EndGlobal
