
Microsoft Visual Studio Solution File, Format Version 12.00
# Visual Studio Version 17
VisualStudioVersion = 17.4.33110.190
MinimumVisualStudioVersion = 10.0.40219.1
Project("{FAE04EC0-301F-11D3-BF4B-00C04F79EFBC}") = "ReportService", "ReportService\ReportService.csproj", "{CA58BC46-8364-4453-95A4-B6F9F1DABA0A}"
EndProject
Global
	GlobalSection(SolutionConfigurationPlatforms) = preSolution
		Debug|Any CPU = Debug|Any CPU
		Release|Any CPU = Release|Any CPU
	EndGlobalSection
	GlobalSection(ProjectConfigurationPlatforms) = postSolution
		{CA58BC46-8364-4453-95A4-B6F9F1DABA0A}.Debug|Any CPU.ActiveCfg = Debug|Any CPU
		{CA58BC46-8364-4453-95A4-B6F9F1DABA0A}.Debug|Any CPU.Build.0 = Debug|Any CPU
		{CA58BC46-8364-4453-95A4-B6F9F1DABA0A}.Release|Any CPU.ActiveCfg = Release|Any CPU
		{CA58BC46-8364-4453-95A4-B6F9F1DABA0A}.Release|Any CPU.Build.0 = Release|Any CPU
	EndGlobalSection
	GlobalSection(SolutionProperties) = preSolution
		HideSolutionNode = FALSE
	EndGlobalSection
	GlobalSection(ExtensibilityGlobals) = postSolution
		SolutionGuid = {C81837BF-507F-40E1-9E9C-EC0F9C3EDF51}
	EndGlobalSection
EndGlobal
